
Microsoft Visual Studio Solution File, Format Version 12.00
# Visual Studio Version 16
VisualStudioVersion = 16.0.29306.81
MinimumVisualStudioVersion = 10.0.40219.1
Project("{FAE04EC0-301F-11D3-BF4B-00C04F79EFBC}") = "texteditor v 1.1", "texteditor v 1.1.csproj", "{F2868799-702A-4125-A7D6-41B65A115AFE}"
EndProject
Global
	GlobalSection(SolutionConfigurationPlatforms) = preSolution
		Debug|Any CPU = Debug|Any CPU
		Release|Any CPU = Release|Any CPU
	EndGlobalSection
	GlobalSection(ProjectConfigurationPlatforms) = postSolution
		{F2868799-702A-4125-A7D6-41B65A115AFE}.Debug|Any CPU.ActiveCfg = Debug|Any CPU
		{F2868799-702A-4125-A7D6-41B65A115AFE}.Debug|Any CPU.Build.0 = Debug|Any CPU
		{F2868799-702A-4125-A7D6-41B65A115AFE}.Release|Any CPU.ActiveCfg = Release|Any CPU
		{F2868799-702A-4125-A7D6-41B65A115AFE}.Release|Any CPU.Build.0 = Release|Any CPU
	EndGlobalSection
	GlobalSection(SolutionProperties) = preSolution
		HideSolutionNode = FALSE
	EndGlobalSection
	GlobalSection(ExtensibilityGlobals) = postSolution
		SolutionGuid = {A103AF21-3A13-4BD2-B77D-A234E827B969}
	EndGlobalSection
EndGlobal
